
Microsoft Visual Studio Solution File, Format Version 12.00
# Visual Studio Version 17
VisualStudioVersion = 17.11.35312.102
MinimumVisualStudioVersion = 10.0.40219.1
Project("{FAE04EC0-301F-11D3-BF4B-00C04F79EFBC}") = "WebAppUniEnt", "WebAppUniEnt\WebAppUniEnt.csproj", "{A72EF6CA-FBFF-46F0-ADF9-2787F57821F6}"
	ProjectSection(ProjectDependencies) = postProject
		{722034FA-379F-47A0-8CCF-4FD12F9315B2} = {722034FA-379F-47A0-8CCF-4FD12F9315B2}
	EndProjectSection
EndProject
Project("{FAE04EC0-301F-11D3-BF4B-00C04F79EFBC}") = "LibService", "LibService\LibService.csproj", "{722034FA-379F-47A0-8CCF-4FD12F9315B2}"
EndProject
Global
	GlobalSection(SolutionConfigurationPlatforms) = preSolution
		Debug|Any CPU = Debug|Any CPU
		Release|Any CPU = Release|Any CPU
	EndGlobalSection
	GlobalSection(ProjectConfigurationPlatforms) = postSolution
		{A72EF6CA-FBFF-46F0-ADF9-2787F57821F6}.Debug|Any CPU.ActiveCfg = Debug|Any CPU
		{A72EF6CA-FBFF-46F0-ADF9-2787F57821F6}.Debug|Any CPU.Build.0 = Debug|Any CPU
		{A72EF6CA-FBFF-46F0-ADF9-2787F57821F6}.Release|Any CPU.ActiveCfg = Release|Any CPU
		{A72EF6CA-FBFF-46F0-ADF9-2787F57821F6}.Release|Any CPU.Build.0 = Release|Any CPU
		{722034FA-379F-47A0-8CCF-4FD12F9315B2}.Debug|Any CPU.ActiveCfg = Debug|Any CPU
		{722034FA-379F-47A0-8CCF-4FD12F9315B2}.Debug|Any CPU.Build.0 = Debug|Any CPU
		{722034FA-379F-47A0-8CCF-4FD12F9315B2}.Release|Any CPU.ActiveCfg = Release|Any CPU
		{722034FA-379F-47A0-8CCF-4FD12F9315B2}.Release|Any CPU.Build.0 = Release|Any CPU
	EndGlobalSection
	GlobalSection(SolutionProperties) = preSolution
		HideSolutionNode = FALSE
	EndGlobalSection
	GlobalSection(ExtensibilityGlobals) = postSolution
		SolutionGuid = {086514E6-FD27-4FB8-AF92-91D9A33FA5F6}
	EndGlobalSection
EndGlobal
